# Generated by pub
# See https://www.dartlang.org/tools/pub/glossary#lockfile
packages:
  auth_header:
    dependency: transitive
    description:
      name: auth_header
      url: "https://pub.flutter-io.cn"
    source: hosted
    version: "2.1.4"
  charcode:
    dependency: transitive
    description:
      name: charcode
      url: "https://pub.flutter-io.cn"
    source: hosted
    version: "1.1.2"
  collection:
    dependency: transitive
    description:
      name: collection
      url: "https://pub.flutter-io.cn"
    source: hosted
    version: "1.14.11"
  convert:
    dependency: transitive
    description:
      name: convert
      url: "https://pub.flutter-io.cn"
    source: hosted
    version: "2.1.1"
  crypto:
    dependency: transitive
    description:
      name: crypto
      url: "https://pub.flutter-io.cn"
    source: hosted
    version: "2.0.6"
  http_server:
    dependency: transitive
    description:
      name: http_server
      url: "https://pub.flutter-io.cn"
    source: hosted
    version: "0.9.8+3"
  jaguar:
    dependency: "direct main"
    description:
      name: jaguar
      url: "https://pub.flutter-io.cn"
    source: hosted
    version: "2.4.36"
  jaguar_common:
    dependency: transitive
    description:
      name: jaguar_common
      url: "https://pub.flutter-io.cn"
    source: hosted
    version: "2.1.4"
  jaguar_reflect:
    dependency: "direct main"
    description:
      name: jaguar_reflect
      url: "https://pub.flutter-io.cn"
    source: hosted
    version: "2.4.6"
  jaguar_serializer:
    dependency: transitive
    description:
      name: jaguar_serializer
      url: "https://pub.flutter-io.cn"
    source: hosted
    version: "2.2.12"
  logging:
    dependency: transitive
    description:
      name: logging
      url: "https://pub.flutter-io.cn"
    source: hosted
    version: "0.11.3+2"
  meta:
    dependency: transitive
    description:
      name: meta
      url: "https://pub.flutter-io.cn"
    source: hosted
    version: "1.1.7"
  mime:
    dependency: transitive
    description:
      name: mime
      url: "https://pub.flutter-io.cn"
    source: hosted
    version: "0.9.6+3"
  path:
    dependency: transitive
    description:
      name: path
      url: "https://pub.flutter-io.cn"
    source: hosted
    version: "1.6.2"
  path_tree:
    dependency: transitive
    description:
      name: path_tree
      url: "https://pub.flutter-io.cn"
    source: hosted
    version: "2.2.2"
  stack_trace:
    dependency: transitive
    description:
      name: stack_trace
      url: "https://pub.flutter-io.cn"
    source: hosted
    version: "1.9.3"
  typed_data:
    dependency: transitive
    description:
      name: typed_data
      url: "https://pub.flutter-io.cn"
    source: hosted
    version: "1.1.6"
sdks:
  dart: ">=2.0.0 <3.0.0"
